
Microsoft Visual Studio Solution File, Format Version 12.00
# Visual Studio 15
VisualStudioVersion = 15.0.26430.4
MinimumVisualStudioVersion = 10.0.40219.1
Project("{D954291E-2A0B-460D-934E-DC6B0785DB48}") = "App1", "App1\App1\App1.shproj", "{0242A8F7-8F15-49E5-B821-9B07916781ED}"
EndProject
Project("{FAE04EC0-301F-11D3-BF4B-00C04F79EFBC}") = "App1.Android", "App1\App1.Android\App1.Android.csproj", "{26B39CF4-D6C9-4E3E-80F6-D84E44D553C5}"
EndProject
Project("{FAE04EC0-301F-11D3-BF4B-00C04F79EFBC}") = "App1.iOS", "App1\App1.iOS\App1.iOS.csproj", "{AD9B36A4-90E3-4101-BF95-BEE39E869153}"
EndProject
Project("{FAE04EC0-301F-11D3-BF4B-00C04F79EFBC}") = "App1.UWP", "App1\App1.UWP\App1.UWP.csproj", "{9590E1CD-A26A-459D-88B1-DEBFB166A617}"
EndProject
Global
	GlobalSection(SharedMSBuildProjectFiles) = preSolution
		App1\App1\App1.projitems*{0242a8f7-8f15-49e5-b821-9b07916781ed}*SharedItemsImports = 13
		App1\App1\App1.projitems*{26b39cf4-d6c9-4e3e-80f6-d84e44d553c5}*SharedItemsImports = 4
		App1\App1\App1.projitems*{9590e1cd-a26a-459d-88b1-debfb166a617}*SharedItemsImports = 4
		App1\App1\App1.projitems*{ad9b36a4-90e3-4101-bf95-bee39e869153}*SharedItemsImports = 4
	EndGlobalSection
	GlobalSection(SolutionConfigurationPlatforms) = preSolution
		Ad-Hoc|Any CPU = Ad-Hoc|Any CPU
		Ad-Hoc|ARM = Ad-Hoc|ARM
		Ad-Hoc|iPhone = Ad-Hoc|iPhone
		Ad-Hoc|iPhoneSimulator = Ad-Hoc|iPhoneSimulator
		Ad-Hoc|x64 = Ad-Hoc|x64
		Ad-Hoc|x86 = Ad-Hoc|x86
		AppStore|Any CPU = AppStore|Any CPU
		AppStore|ARM = AppStore|ARM
		AppStore|iPhone = AppStore|iPhone
		AppStore|iPhoneSimulator = AppStore|iPhoneSimulator
		AppStore|x64 = AppStore|x64
		AppStore|x86 = AppStore|x86
		Debug|Any CPU = Debug|Any CPU
		Debug|ARM = Debug|ARM
		Debug|iPhone = Debug|iPhone
		Debug|iPhoneSimulator = Debug|iPhoneSimulator
		Debug|x64 = Debug|x64
		Debug|x86 = Debug|x86
		Release|Any CPU = Release|Any CPU
		Release|ARM = Release|ARM
		Release|iPhone = Release|iPhone
		Release|iPhoneSimulator = Release|iPhoneSimulator
		Release|x64 = Release|x64
		Release|x86 = Release|x86
	EndGlobalSection
	GlobalSection(ProjectConfigurationPlatforms) = postSolution
		{26B39CF4-D6C9-4E3E-80F6-D84E44D553C5}.Ad-Hoc|Any CPU.ActiveCfg = Release|Any CPU
		{26B39CF4-D6C9-4E3E-80F6-D84E44D553C5}.Ad-Hoc|Any CPU.Build.0 = Release|Any CPU
		{26B39CF4-D6C9-4E3E-80F6-D84E44D553C5}.Ad-Hoc|Any CPU.Deploy.0 = Release|Any CPU
		{26B39CF4-D6C9-4E3E-80F6-D84E44D553C5}.Ad-Hoc|ARM.ActiveCfg = Release|Any CPU
		{26B39CF4-D6C9-4E3E-80F6-D84E44D553C5}.Ad-Hoc|ARM.Build.0 = Release|Any CPU
		{26B39CF4-D6C9-4E3E-80F6-D84E44D553C5}.Ad-Hoc|ARM.Deploy.0 = Release|Any CPU
		{26B39CF4-D6C9-4E3E-80F6-D84E44D553C5}.Ad-Hoc|iPhone.ActiveCfg = Release|Any CPU
		{26B39CF4-D6C9-4E3E-80F6-D84E44D553C5}.Ad-Hoc|iPhone.Build.0 = Release|Any CPU
		{26B39CF4-D6C9-4E3E-80F6-D84E44D553C5}.Ad-Hoc|iPhone.Deploy.0 = Release|Any CPU
		{26B39CF4-D6C9-4E3E-80F6-D84E44D553C5}.Ad-Hoc|iPhoneSimulator.ActiveCfg = Release|Any CPU
		{26B39CF4-D6C9-4E3E-80F6-D84E44D553C5}.Ad-Hoc|iPhoneSimulator.Build.0 = Release|Any CPU
		{26B39CF4-D6C9-4E3E-80F6-D84E44D553C5}.Ad-Hoc|iPhoneSimulator.Deploy.0 = Release|Any CPU
		{26B39CF4-D6C9-4E3E-80F6-D84E44D553C5}.Ad-Hoc|x64.ActiveCfg = Release|Any CPU
		{26B39CF4-D6C9-4E3E-80F6-D84E44D553C5}.Ad-Hoc|x64.Build.0 = Release|Any CPU
		{26B39CF4-D6C9-4E3E-80F6-D84E44D553C5}.Ad-Hoc|x64.Deploy.0 = Release|Any CPU
		{26B39CF4-D6C9-4E3E-80F6-D84E44D553C5}.Ad-Hoc|x86.ActiveCfg = Release|Any CPU
		{26B39CF4-D6C9-4E3E-80F6-D84E44D553C5}.Ad-Hoc|x86.Build.0 = Release|Any CPU
		{26B39CF4-D6C9-4E3E-80F6-D84E44D553C5}.Ad-Hoc|x86.Deploy.0 = Release|Any CPU
		{26B39CF4-D6C9-4E3E-80F6-D84E44D553C5}.AppStore|Any CPU.ActiveCfg = Release|Any CPU
		{26B39CF4-D6C9-4E3E-80F6-D84E44D553C5}.AppStore|Any CPU.Build.0 = Release|Any CPU
		{26B39CF4-D6C9-4E3E-80F6-D84E44D553C5}.AppStore|Any CPU.Deploy.0 = Release|Any CPU
		{26B39CF4-D6C9-4E3E-80F6-D84E44D553C5}.AppStore|ARM.ActiveCfg = Release|Any CPU
		{26B39CF4-D6C9-4E3E-80F6-D84E44D553C5}.AppStore|ARM.Build.0 = Release|Any CPU
		{26B39CF4-D6C9-4E3E-80F6-D84E44D553C5}.AppStore|ARM.Deploy.0 = Release|Any CPU
		{26B39CF4-D6C9-4E3E-80F6-D84E44D553C5}.AppStore|iPhone.ActiveCfg = Release|Any CPU
		{26B39CF4-D6C9-4E3E-80F6-D84E44D553C5}.AppStore|iPhone.Build.0 = Release|Any CPU
		{26B39CF4-D6C9-4E3E-80F6-D84E44D553C5}.AppStore|iPhone.Deploy.0 = Release|Any CPU
		{26B39CF4-D6C9-4E3E-80F6-D84E44D553C5}.AppStore|iPhoneSimulator.ActiveCfg = Release|Any CPU
		{26B39CF4-D6C9-4E3E-80F6-D84E44D553C5}.AppStore|iPhoneSimulator.Build.0 = Release|Any CPU
		{26B39CF4-D6C9-4E3E-80F6-D84E44D553C5}.AppStore|iPhoneSimulator.Deploy.0 = Release|Any CPU
		{26B39CF4-D6C9-4E3E-80F6-D84E44D553C5}.AppStore|x64.ActiveCfg = Release|Any CPU
		{26B39CF4-D6C9-4E3E-80F6-D84E44D553C5}.AppStore|x64.Build.0 = Release|Any CPU
		{26B39CF4-D6C9-4E3E-80F6-D84E44D553C5}.AppStore|x64.Deploy.0 = Release|Any CPU
		{26B39CF4-D6C9-4E3E-80F6-D84E44D553C5}.AppStore|x86.ActiveCfg = Release|Any CPU
		{26B39CF4-D6C9-4E3E-80F6-D84E44D553C5}.AppStore|x86.Build.0 = Release|Any CPU
		{26B39CF4-D6C9-4E3E-80F6-D84E44D553C5}.AppStore|x86.Deploy.0 = Release|Any CPU
		{26B39CF4-D6C9-4E3E-80F6-D84E44D553C5}.Debug|Any CPU.ActiveCfg = Debug|Any CPU
		{26B39CF4-D6C9-4E3E-80F6-D84E44D553C5}.Debug|Any CPU.Build.0 = Debug|Any CPU
		{26B39CF4-D6C9-4E3E-80F6-D84E44D553C5}.Debug|Any CPU.Deploy.0 = Debug|Any CPU
		{26B39CF4-D6C9-4E3E-80F6-D84E44D553C5}.Debug|ARM.ActiveCfg = Debug|Any CPU
		{26B39CF4-D6C9-4E3E-80F6-D84E44D553C5}.Debug|ARM.Build.0 = Debug|Any CPU
		{26B39CF4-D6C9-4E3E-80F6-D84E44D553C5}.Debug|ARM.Deploy.0 = Debug|Any CPU
		{26B39CF4-D6C9-4E3E-80F6-D84E44D553C5}.Debug|iPhone.ActiveCfg = Debug|Any CPU
		{26B39CF4-D6C9-4E3E-80F6-D84E44D553C5}.Debug|iPhone.Build.0 = Debug|Any CPU
		{26B39CF4-D6C9-4E3E-80F6-D84E44D553C5}.Debug|iPhone.Deploy.0 = Debug|Any CPU
		{26B39CF4-D6C9-4E3E-80F6-D84E44D553C5}.Debug|iPhoneSimulator.ActiveCfg = Debug|Any CPU
		{26B39CF4-D6C9-4E3E-80F6-D84E44D553C5}.Debug|iPhoneSimulator.Build.0 = Debug|Any CPU
		{26B39CF4-D6C9-4E3E-80F6-D84E44D553C5}.Debug|iPhoneSimulator.Deploy.0 = Debug|Any CPU
		{26B39CF4-D6C9-4E3E-80F6-D84E44D553C5}.Debug|x64.ActiveCfg = Debug|Any CPU
		{26B39CF4-D6C9-4E3E-80F6-D84E44D553C5}.Debug|x64.Build.0 = Debug|Any CPU
		{26B39CF4-D6C9-4E3E-80F6-D84E44D553C5}.Debug|x64.Deploy.0 = Debug|Any CPU
		{26B39CF4-D6C9-4E3E-80F6-D84E44D553C5}.Debug|x86.ActiveCfg = Debug|Any CPU
		{26B39CF4-D6C9-4E3E-80F6-D84E44D553C5}.Debug|x86.Build.0 = Debug|Any CPU
		{26B39CF4-D6C9-4E3E-80F6-D84E44D553C5}.Debug|x86.Deploy.0 = Debug|Any CPU
		{26B39CF4-D6C9-4E3E-80F6-D84E44D553C5}.Release|Any CPU.ActiveCfg = Release|Any CPU
		{26B39CF4-D6C9-4E3E-80F6-D84E44D553C5}.Release|Any CPU.Build.0 = Release|Any CPU
		{26B39CF4-D6C9-4E3E-80F6-D84E44D553C5}.Release|Any CPU.Deploy.0 = Release|Any CPU
		{26B39CF4-D6C9-4E3E-80F6-D84E44D553C5}.Release|ARM.ActiveCfg = Release|Any CPU
		{26B39CF4-D6C9-4E3E-80F6-D84E44D553C5}.Release|ARM.Build.0 = Release|Any CPU
		{26B39CF4-D6C9-4E3E-80F6-D84E44D553C5}.Release|ARM.Deploy.0 = Release|Any CPU
		{26B39CF4-D6C9-4E3E-80F6-D84E44D553C5}.Release|iPhone.ActiveCfg = Release|Any CPU
		{26B39CF4-D6C9-4E3E-80F6-D84E44D553C5}.Release|iPhone.Build.0 = Release|Any CPU
		{26B39CF4-D6C9-4E3E-80F6-D84E44D553C5}.Release|iPhone.Deploy.0 = Release|Any CPU
		{26B39CF4-D6C9-4E3E-80F6-D84E44D553C5}.Release|iPhoneSimulator.ActiveCfg = Release|Any CPU
		{26B39CF4-D6C9-4E3E-80F6-D84E44D553C5}.Release|iPhoneSimulator.Build.0 = Release|Any CPU
		{26B39CF4-D6C9-4E3E-80F6-D84E44D553C5}.Release|iPhoneSimulator.Deploy.0 = Release|Any CPU
		{26B39CF4-D6C9-4E3E-80F6-D84E44D553C5}.Release|x64.ActiveCfg = Release|Any CPU
		{26B39CF4-D6C9-4E3E-80F6-D84E44D553C5}.Release|x64.Build.0 = Release|Any CPU
		{26B39CF4-D6C9-4E3E-80F6-D84E44D553C5}.Release|x64.Deploy.0 = Release|Any CPU
		{26B39CF4-D6C9-4E3E-80F6-D84E44D553C5}.Release|x86.ActiveCfg = Release|Any CPU
		{26B39CF4-D6C9-4E3E-80F6-D84E44D553C5}.Release|x86.Build.0 = Release|Any CPU
		{26B39CF4-D6C9-4E3E-80F6-D84E44D553C5}.Release|x86.Deploy.0 = Release|Any CPU
		{AD9B36A4-90E3-4101-BF95-BEE39E869153}.Ad-Hoc|Any CPU.ActiveCfg = Ad-Hoc|iPhone
		{AD9B36A4-90E3-4101-BF95-BEE39E869153}.Ad-Hoc|ARM.ActiveCfg = Ad-Hoc|iPhone
		{AD9B36A4-90E3-4101-BF95-BEE39E869153}.Ad-Hoc|iPhone.ActiveCfg = Ad-Hoc|iPhone
		{AD9B36A4-90E3-4101-BF95-BEE39E869153}.Ad-Hoc|iPhone.Build.0 = Ad-Hoc|iPhone
		{AD9B36A4-90E3-4101-BF95-BEE39E869153}.Ad-Hoc|iPhoneSimulator.ActiveCfg = Ad-Hoc|iPhoneSimulator
		{AD9B36A4-90E3-4101-BF95-BEE39E869153}.Ad-Hoc|iPhoneSimulator.Build.0 = Ad-Hoc|iPhoneSimulator
		{AD9B36A4-90E3-4101-BF95-BEE39E869153}.Ad-Hoc|x64.ActiveCfg = Ad-Hoc|iPhone
		{AD9B36A4-90E3-4101-BF95-BEE39E869153}.Ad-Hoc|x86.ActiveCfg = Ad-Hoc|iPhone
		{AD9B36A4-90E3-4101-BF95-BEE39E869153}.AppStore|Any CPU.ActiveCfg = AppStore|iPhone
		{AD9B36A4-90E3-4101-BF95-BEE39E869153}.AppStore|ARM.ActiveCfg = AppStore|iPhone
		{AD9B36A4-90E3-4101-BF95-BEE39E869153}.AppStore|iPhone.ActiveCfg = AppStore|iPhone
		{AD9B36A4-90E3-4101-BF95-BEE39E869153}.AppStore|iPhone.Build.0 = AppStore|iPhone
		{AD9B36A4-90E3-4101-BF95-BEE39E869153}.AppStore|iPhoneSimulator.ActiveCfg = AppStore|iPhoneSimulator
		{AD9B36A4-90E3-4101-BF95-BEE39E869153}.AppStore|iPhoneSimulator.Build.0 = AppStore|iPhoneSimulator
		{AD9B36A4-90E3-4101-BF95-BEE39E869153}.AppStore|x64.ActiveCfg = AppStore|iPhone
		{AD9B36A4-90E3-4101-BF95-BEE39E869153}.AppStore|x86.ActiveCfg = AppStore|iPhone
		{AD9B36A4-90E3-4101-BF95-BEE39E869153}.Debug|Any CPU.ActiveCfg = Debug|iPhone
		{AD9B36A4-90E3-4101-BF95-BEE39E869153}.Debug|ARM.ActiveCfg = Debug|iPhone
		{AD9B36A4-90E3-4101-BF95-BEE39E869153}.Debug|iPhone.ActiveCfg = Debug|iPhone
		{AD9B36A4-90E3-4101-BF95-BEE39E869153}.Debug|iPhone.Build.0 = Debug|iPhone
		{AD9B36A4-90E3-4101-BF95-BEE39E869153}.Debug|iPhoneSimulator.ActiveCfg = Debug|iPhoneSimulator
		{AD9B36A4-90E3-4101-BF95-BEE39E869153}.Debug|iPhoneSimulator.Build.0 = Debug|iPhoneSimulator
		{AD9B36A4-90E3-4101-BF95-BEE39E869153}.Debug|x64.ActiveCfg = Debug|iPhone
		{AD9B36A4-90E3-4101-BF95-BEE39E869153}.Debug|x86.ActiveCfg = Debug|iPhone
		{AD9B36A4-90E3-4101-BF95-BEE39E869153}.Release|Any CPU.ActiveCfg = Release|iPhone
		{AD9B36A4-90E3-4101-BF95-BEE39E869153}.Release|ARM.ActiveCfg = Release|iPhone
		{AD9B36A4-90E3-4101-BF95-BEE39E869153}.Release|iPhone.ActiveCfg = Release|iPhone
		{AD9B36A4-90E3-4101-BF95-BEE39E869153}.Release|iPhone.Build.0 = Release|iPhone
		{AD9B36A4-90E3-4101-BF95-BEE39E869153}.Release|iPhoneSimulator.ActiveCfg = Release|iPhoneSimulator
		{AD9B36A4-90E3-4101-BF95-BEE39E869153}.Release|iPhoneSimulator.Build.0 = Release|iPhoneSimulator
		{AD9B36A4-90E3-4101-BF95-BEE39E869153}.Release|x64.ActiveCfg = Release|iPhone
		{AD9B36A4-90E3-4101-BF95-BEE39E869153}.Release|x86.ActiveCfg = Release|iPhone
		{9590E1CD-A26A-459D-88B1-DEBFB166A617}.Ad-Hoc|Any CPU.ActiveCfg = Release|x86
		{9590E1CD-A26A-459D-88B1-DEBFB166A617}.Ad-Hoc|Any CPU.Build.0 = Release|x86
		{9590E1CD-A26A-459D-88B1-DEBFB166A617}.Ad-Hoc|Any CPU.Deploy.0 = Release|x86
		{9590E1CD-A26A-459D-88B1-DEBFB166A617}.Ad-Hoc|ARM.ActiveCfg = Release|ARM
		{9590E1CD-A26A-459D-88B1-DEBFB166A617}.Ad-Hoc|ARM.Build.0 = Release|ARM
		{9590E1CD-A26A-459D-88B1-DEBFB166A617}.Ad-Hoc|ARM.Deploy.0 = Release|ARM
		{9590E1CD-A26A-459D-88B1-DEBFB166A617}.Ad-Hoc|iPhone.ActiveCfg = Release|x86
		{9590E1CD-A26A-459D-88B1-DEBFB166A617}.Ad-Hoc|iPhone.Build.0 = Release|x86
		{9590E1CD-A26A-459D-88B1-DEBFB166A617}.Ad-Hoc|iPhone.Deploy.0 = Release|x86
		{9590E1CD-A26A-459D-88B1-DEBFB166A617}.Ad-Hoc|iPhoneSimulator.ActiveCfg = Release|x86
		{9590E1CD-A26A-459D-88B1-DEBFB166A617}.Ad-Hoc|iPhoneSimulator.Build.0 = Release|x86
		{9590E1CD-A26A-459D-88B1-DEBFB166A617}.Ad-Hoc|iPhoneSimulator.Deploy.0 = Release|x86
		{9590E1CD-A26A-459D-88B1-DEBFB166A617}.Ad-Hoc|x64.ActiveCfg = Release|x64
		{9590E1CD-A26A-459D-88B1-DEBFB166A617}.Ad-Hoc|x64.Build.0 = Release|x64
		{9590E1CD-A26A-459D-88B1-DEBFB166A617}.Ad-Hoc|x64.Deploy.0 = Release|x64
		{9590E1CD-A26A-459D-88B1-DEBFB166A617}.Ad-Hoc|x86.ActiveCfg = Release|x86
		{9590E1CD-A26A-459D-88B1-DEBFB166A617}.Ad-Hoc|x86.Build.0 = Release|x86
		{9590E1CD-A26A-459D-88B1-DEBFB166A617}.Ad-Hoc|x86.Deploy.0 = Release|x86
		{9590E1CD-A26A-459D-88B1-DEBFB166A617}.AppStore|Any CPU.ActiveCfg = Release|x86
		{9590E1CD-A26A-459D-88B1-DEBFB166A617}.AppStore|Any CPU.Build.0 = Release|x86
		{9590E1CD-A26A-459D-88B1-DEBFB166A617}.AppStore|Any CPU.Deploy.0 = Release|x86
		{9590E1CD-A26A-459D-88B1-DEBFB166A617}.AppStore|ARM.ActiveCfg = Release|ARM
		{9590E1CD-A26A-459D-88B1-DEBFB166A617}.AppStore|ARM.Build.0 = Release|ARM
		{9590E1CD-A26A-459D-88B1-DEBFB166A617}.AppStore|ARM.Deploy.0 = Release|ARM
		{9590E1CD-A26A-459D-88B1-DEBFB166A617}.AppStore|iPhone.ActiveCfg = Release|x86
		{9590E1CD-A26A-459D-88B1-DEBFB166A617}.AppStore|iPhone.Build.0 = Release|x86
		{9590E1CD-A26A-459D-88B1-DEBFB166A617}.AppStore|iPhone.Deploy.0 = Release|x86
		{9590E1CD-A26A-459D-88B1-DEBFB166A617}.AppStore|iPhoneSimulator.ActiveCfg = Release|x86
		{9590E1CD-A26A-459D-88B1-DEBFB166A617}.AppStore|iPhoneSimulator.Build.0 = Release|x86
		{9590E1CD-A26A-459D-88B1-DEBFB166A617}.AppStore|iPhoneSimulator.Deploy.0 = Release|x86
		{9590E1CD-A26A-459D-88B1-DEBFB166A617}.AppStore|x64.ActiveCfg = Release|x64
		{9590E1CD-A26A-459D-88B1-DEBFB166A617}.AppStore|x64.Build.0 = Release|x64
		{9590E1CD-A26A-459D-88B1-DEBFB166A617}.AppStore|x64.Deploy.0 = Release|x64
		{9590E1CD-A26A-459D-88B1-DEBFB166A617}.AppStore|x86.ActiveCfg = Release|x86
		{9590E1CD-A26A-459D-88B1-DEBFB166A617}.AppStore|x86.Build.0 = Release|x86
		{9590E1CD-A26A-459D-88B1-DEBFB166A617}.AppStore|x86.Deploy.0 = Release|x86
		{9590E1CD-A26A-459D-88B1-DEBFB166A617}.Debug|Any CPU.ActiveCfg = Debug|x86
		{9590E1CD-A26A-459D-88B1-DEBFB166A617}.Debug|ARM.ActiveCfg = Debug|ARM
		{9590E1CD-A26A-459D-88B1-DEBFB166A617}.Debug|ARM.Build.0 = Debug|ARM
		{9590E1CD-A26A-459D-88B1-DEBFB166A617}.Debug|ARM.Deploy.0 = Debug|ARM
		{9590E1CD-A26A-459D-88B1-DEBFB166A617}.Debug|iPhone.ActiveCfg = Debug|x86
		{9590E1CD-A26A-459D-88B1-DEBFB166A617}.Debug|iPhoneSimulator.ActiveCfg = Debug|x86
		{9590E1CD-A26A-459D-88B1-DEBFB166A617}.Debug|x64.ActiveCfg = Debug|x64
		{9590E1CD-A26A-459D-88B1-DEBFB166A617}.Debug|x64.Build.0 = Debug|x64
		{9590E1CD-A26A-459D-88B1-DEBFB166A617}.Debug|x64.Deploy.0 = Debug|x64
		{9590E1CD-A26A-459D-88B1-DEBFB166A617}.Debug|x86.ActiveCfg = Debug|x86
		{9590E1CD-A26A-459D-88B1-DEBFB166A617}.Debug|x86.Build.0 = Debug|x86
		{9590E1CD-A26A-459D-88B1-DEBFB166A617}.Debug|x86.Deploy.0 = Debug|x86
		{9590E1CD-A26A-459D-88B1-DEBFB166A617}.Release|Any CPU.ActiveCfg = Release|x86
		{9590E1CD-A26A-459D-88B1-DEBFB166A617}.Release|ARM.ActiveCfg = Release|ARM
		{9590E1CD-A26A-459D-88B1-DEBFB166A617}.Release|ARM.Build.0 = Release|ARM
		{9590E1CD-A26A-459D-88B1-DEBFB166A617}.Release|ARM.Deploy.0 = Release|ARM
		{9590E1CD-A26A-459D-88B1-DEBFB166A617}.Release|iPhone.ActiveCfg = Release|x86
		{9590E1CD-A26A-459D-88B1-DEBFB166A617}.Release|iPhoneSimulator.ActiveCfg = Release|x86
		{9590E1CD-A26A-459D-88B1-DEBFB166A617}.Release|x64.ActiveCfg = Release|x64
		{9590E1CD-A26A-459D-88B1-DEBFB166A617}.Release|x64.Build.0 = Release|x64
		{9590E1CD-A26A-459D-88B1-DEBFB166A617}.Release|x64.Deploy.0 = Release|x64
		{9590E1CD-A26A-459D-88B1-DEBFB166A617}.Release|x86.ActiveCfg = Release|x86
		{9590E1CD-A26A-459D-88B1-DEBFB166A617}.Release|x86.Build.0 = Release|x86
		{9590E1CD-A26A-459D-88B1-DEBFB166A617}.Release|x86.Deploy.0 = Release|x86
	EndGlobalSection
	GlobalSection(SolutionProperties) = preSolution
		HideSolutionNode = FALSE
	EndGlobalSection
EndGlobal
